/data2/mbaragli/python_app/app_python/work_dir/testrun_2_HG002/snv/testrun_2_HG002_deepvariant
/data2/utility/references/genomics/Homo_sapiens_assembly38.fasta
/data2/mbaragli/python_app/app_python/work_dir/testrun_HG002/sorted_reads/testrun_HG002_sorted.bam
/data2/utility/references/genomics
/data2/mbaragli/python_app/app_python/work_dir/testrun_2_HG002/snv/testrun_2_HG002_longshot.vcf
/data2/utility/references/genomics/Homo_sapiens_assembly38.fasta
/data2/mbaragli/python_app/app_python/work_dir/testrun_HG002/sorted_reads/testrun_HG002_sorted.bam
/data2/mbaragli/python_app/app_python/work_dir/testrun_HG002/sorted_reads/testrun_HG002_sorted.bam.bai
/data2/mbaragli/python_app/app_python/work_dir/testrun_2_HG002/sv/testrun_2_HG002_svim
/data2/utility/references/genomics/Homo_sapiens_assembly38.fasta
/data2/mbaragli/python_app/app_python/work_dir/testrun_HG002/sorted_reads/testrun_HG002_sorted.bam
/data2/mbaragli/python_app/app_python/work_dir/testrun_HG002/sorted_reads/testrun_HG002_sorted.bam.bai
/data2/mbaragli/python_app/app_python/work_dir/testrun_2_HG002/sv/testrun_2_HG002_sniffles.vcf
/data2/utility/references/genomics/Homo_sapiens_assembly38.fasta
/data2/mbaragli/python_app/app_python/work_dir/testrun_HG002/sorted_reads/testrun_HG002_sorted.bam
/data2/mbaragli/python_app/app_python/work_dir/testrun_HG002/sorted_reads/testrun_HG002_sorted.bam.bai
/data2/mbaragli/python_app/app_python/work_dir/testrun_2_HG002/sv/testrun_2_HG002_gasoline/gasoline_final.vcf
/data2/mbaragli/python_app/app_python/work_dir/testrun_HG002/sorted_reads/testrun_HG002_sorted.bam
/data2/mbaragli/python_app/app_python/work_dir/testrun_2_HG002
/data2/utility/references/genomics/Homo_sapiens_assembly38.fasta
/data2/mbaragli/python_app/app_python/work_dir/testrun_2_HG002/sv/testrun_2_HG002_cutesv.vcf
/data2/utility/references/genomics/Homo_sapiens_assembly38.fasta
/data2/mbaragli/python_app/app_python/work_dir/testrun_HG002/sorted_reads/testrun_HG002_sorted.bam
/data2/mbaragli/python_app/app_python/work_dir/testrun_HG002/sorted_reads/testrun_HG002_sorted.bam.bai
/data2/mbaragli/python_app/app_python/work_dir/testrun_2_HG002
/data2/mbaragli/python_app/app_python/work_dir/testrun_2_HG002/snv/testrun_2_HG002_nanocaller
/data2/utility/references/genomics/Homo_sapiens_assembly38.fasta
/data2/mbaragli/python_app/app_python/work_dir/testrun_HG002/sorted_reads/testrun_HG002_sorted.bam
/data2/mbaragli/python_app/app_python/work_dir/testrun_HG002/sorted_reads/testrun_HG002_sorted.bam.bai
/data2/mbaragli/python_app/app_python/work_dir/testrun_2_HG002/snv/testrun_2_HG002_clair3
/data2/utility/references/genomics/Homo_sapiens_assembly38.fasta
/data2/mbaragli/python_app/app_python/work_dir/testrun_HG002/sorted_reads/testrun_HG002_sorted.bam
/data2/mbaragli/python_app/app_python/work_dir/testrun_HG002/sorted_reads/testrun_HG002_sorted.bam.bai
