/data2/mbaragli/python_app/app_python/work_dir/testrun_2_HG002/sv/testrun_2_HG002_gasoline_annotsv.tsv
/data2/mbaragli/python_app/app_python/work_dir/testrun_2_HG002/snv/testrun_2_HG002_longshot.vcf
/data2/mbaragli/python_app/app_python/work_dir/testrun_2_HG002/snv/testrun_2_HG002_clair3_vep.vcf
/data2/mbaragli/python_app/app_python/work_dir/testrun_2_HG002/sv/testrun_2_HG002_sniffles.vcf
/data2/mbaragli/python_app/app_python/work_dir/testrun_2_HG002/sv/testrun_2_HG002_cutesv.vcf
/data2/mbaragli/python_app/app_python/work_dir/testrun_2_HG002/snv/testrun_2_HG002_nanocaller
/data2/mbaragli/python_app/app_python/work_dir/testrun_2_HG002/snv/testrun_2_HG002_deepvariant_vep.vcf
/data2/mbaragli/python_app/app_python/work_dir/testrun_2_HG002/snv/testrun_2_HG002_longshot_vep.vcf
/data2/mbaragli/python_app/app_python/work_dir/testrun_2_HG002/sv/testrun_2_HG002_sniffles_annotsv.tsv
/data2/mbaragli/python_app/app_python/work_dir/testrun_2_HG002/sv/testrun_2_HG002_cutesv_annotsv.tsv
/data2/mbaragli/python_app/app_python/work_dir/testrun_2_HG002/snv/testrun_2_HG002_nanocaller_vep.vcf
/data2/mbaragli/python_app/app_python/work_dir/testrun_2_HG002/snv/testrun_2_HG002_clair3
/data2/mbaragli/python_app/app_python/work_dir/testrun_2_HG002/snv/testrun_2_HG002_deepvariant
/data2/mbaragli/python_app/app_python/work_dir/testrun_2_HG002/sv/testrun_2_HG002_svim
/data2/mbaragli/python_app/app_python/work_dir/testrun_2_HG002/sv/testrun_2_HG002_gasoline/gasoline_final.vcf
/data2/mbaragli/python_app/app_python/work_dir/testrun_2_HG002/sv/testrun_2_HG002_svim_annotsv.tsv
